
Microsoft Visual Studio Solution File, Format Version 12.00
# Visual Studio Version 17
VisualStudioVersion = 17.11.35327.3
MinimumVisualStudioVersion = 10.0.40219.1
Project("{FAE04EC0-301F-11D3-BF4B-00C04F79EFBC}") = "NewShootingGame", "NewShootingGame\NewShootingGame.csproj", "{2352A530-A559-407B-BB46-9B0BFC2AB7E2}"
EndProject
Project("{FAE04EC0-301F-11D3-BF4B-00C04F79EFBC}") = "NewShootingGame2", "NewShootingGame2\NewShootingGame2.csproj", "{D39F1154-09A1-4432-BEBA-6C2543AEEA1C}"
EndProject
Global
	GlobalSection(SolutionConfigurationPlatforms) = preSolution
		Debug|Any CPU = Debug|Any CPU
		Release|Any CPU = Release|Any CPU
	EndGlobalSection
	GlobalSection(ProjectConfigurationPlatforms) = postSolution
		{2352A530-A559-407B-BB46-9B0BFC2AB7E2}.Debug|Any CPU.ActiveCfg = Debug|Any CPU
		{2352A530-A559-407B-BB46-9B0BFC2AB7E2}.Debug|Any CPU.Build.0 = Debug|Any CPU
		{2352A530-A559-407B-BB46-9B0BFC2AB7E2}.Release|Any CPU.ActiveCfg = Release|Any CPU
		{2352A530-A559-407B-BB46-9B0BFC2AB7E2}.Release|Any CPU.Build.0 = Release|Any CPU
		{D39F1154-09A1-4432-BEBA-6C2543AEEA1C}.Debug|Any CPU.ActiveCfg = Debug|Any CPU
		{D39F1154-09A1-4432-BEBA-6C2543AEEA1C}.Debug|Any CPU.Build.0 = Debug|Any CPU
		{D39F1154-09A1-4432-BEBA-6C2543AEEA1C}.Release|Any CPU.ActiveCfg = Release|Any CPU
		{D39F1154-09A1-4432-BEBA-6C2543AEEA1C}.Release|Any CPU.Build.0 = Release|Any CPU
	EndGlobalSection
	GlobalSection(SolutionProperties) = preSolution
		HideSolutionNode = FALSE
	EndGlobalSection
	GlobalSection(ExtensibilityGlobals) = postSolution
		SolutionGuid = {BE5CFE1D-8496-4433-A85D-3B686BD4AA2F}
	EndGlobalSection
EndGlobal
