
Microsoft Visual Studio Solution File, Format Version 12.00
# Visual Studio Version 17
VisualStudioVersion = 17.11.35327.3
MinimumVisualStudioVersion = 10.0.40219.1
Project("{FAE04EC0-301F-11D3-BF4B-00C04F79EFBC}") = "LikeLion_25", "LikeLion_25\LikeLion_25.csproj", "{EFEE2CFD-B788-43B2-9950-7EF5BE3847ED}"
EndProject
Project("{FAE04EC0-301F-11D3-BF4B-00C04F79EFBC}") = "LikeLion_25_2", "LikeLion_25_2\LikeLion_25_2.csproj", "{C21F5713-3B0F-441B-A908-EFD8F6A266B4}"
EndProject
Project("{FAE04EC0-301F-11D3-BF4B-00C04F79EFBC}") = "LikeLion_25_3", "LikeLion_25_3\LikeLion_25_3.csproj", "{841C49B0-471E-46D6-AA83-1BB24FD24894}"
EndProject
Project("{FAE04EC0-301F-11D3-BF4B-00C04F79EFBC}") = "LikeLion_25_4", "LikeLion_25_4\LikeLion_25_4.csproj", "{C22E6882-EED7-48E2-8A09-63F0B9A7CA07}"
EndProject
Project("{FAE04EC0-301F-11D3-BF4B-00C04F79EFBC}") = "Homework_20250305", "Homework_20250305\Homework_20250305.csproj", "{230E16AE-A0B0-424B-BEAD-42AAA6A9FBFB}"
EndProject
Global
	GlobalSection(SolutionConfigurationPlatforms) = preSolution
		Debug|Any CPU = Debug|Any CPU
		Release|Any CPU = Release|Any CPU
	EndGlobalSection
	GlobalSection(ProjectConfigurationPlatforms) = postSolution
		{EFEE2CFD-B788-43B2-9950-7EF5BE3847ED}.Debug|Any CPU.ActiveCfg = Debug|Any CPU
		{EFEE2CFD-B788-43B2-9950-7EF5BE3847ED}.Debug|Any CPU.Build.0 = Debug|Any CPU
		{EFEE2CFD-B788-43B2-9950-7EF5BE3847ED}.Release|Any CPU.ActiveCfg = Release|Any CPU
		{EFEE2CFD-B788-43B2-9950-7EF5BE3847ED}.Release|Any CPU.Build.0 = Release|Any CPU
		{C21F5713-3B0F-441B-A908-EFD8F6A266B4}.Debug|Any CPU.ActiveCfg = Debug|Any CPU
		{C21F5713-3B0F-441B-A908-EFD8F6A266B4}.Debug|Any CPU.Build.0 = Debug|Any CPU
		{C21F5713-3B0F-441B-A908-EFD8F6A266B4}.Release|Any CPU.ActiveCfg = Release|Any CPU
		{C21F5713-3B0F-441B-A908-EFD8F6A266B4}.Release|Any CPU.Build.0 = Release|Any CPU
		{841C49B0-471E-46D6-AA83-1BB24FD24894}.Debug|Any CPU.ActiveCfg = Debug|Any CPU
		{841C49B0-471E-46D6-AA83-1BB24FD24894}.Debug|Any CPU.Build.0 = Debug|Any CPU
		{841C49B0-471E-46D6-AA83-1BB24FD24894}.Release|Any CPU.ActiveCfg = Release|Any CPU
		{841C49B0-471E-46D6-AA83-1BB24FD24894}.Release|Any CPU.Build.0 = Release|Any CPU
		{C22E6882-EED7-48E2-8A09-63F0B9A7CA07}.Debug|Any CPU.ActiveCfg = Debug|Any CPU
		{C22E6882-EED7-48E2-8A09-63F0B9A7CA07}.Debug|Any CPU.Build.0 = Debug|Any CPU
		{C22E6882-EED7-48E2-8A09-63F0B9A7CA07}.Release|Any CPU.ActiveCfg = Release|Any CPU
		{C22E6882-EED7-48E2-8A09-63F0B9A7CA07}.Release|Any CPU.Build.0 = Release|Any CPU
		{230E16AE-A0B0-424B-BEAD-42AAA6A9FBFB}.Debug|Any CPU.ActiveCfg = Debug|Any CPU
		{230E16AE-A0B0-424B-BEAD-42AAA6A9FBFB}.Debug|Any CPU.Build.0 = Debug|Any CPU
		{230E16AE-A0B0-424B-BEAD-42AAA6A9FBFB}.Release|Any CPU.ActiveCfg = Release|Any CPU
		{230E16AE-A0B0-424B-BEAD-42AAA6A9FBFB}.Release|Any CPU.Build.0 = Release|Any CPU
	EndGlobalSection
	GlobalSection(SolutionProperties) = preSolution
		HideSolutionNode = FALSE
	EndGlobalSection
	GlobalSection(ExtensibilityGlobals) = postSolution
		SolutionGuid = {EBCC2DC5-0D07-46DC-B6F3-CAFC9676A8A2}
	EndGlobalSection
EndGlobal
