
Microsoft Visual Studio Solution File, Format Version 12.00
# Visual Studio Version 17
VisualStudioVersion = 17.11.35327.3
MinimumVisualStudioVersion = 10.0.40219.1
Project("{FAE04EC0-301F-11D3-BF4B-00C04F79EFBC}") = "LikeLion_13", "LikeLion_13\LikeLion_13.csproj", "{5757E443-DD67-4342-9215-739407F85CA8}"
EndProject
Global
	GlobalSection(SolutionConfigurationPlatforms) = preSolution
		Debug|Any CPU = Debug|Any CPU
		Release|Any CPU = Release|Any CPU
	EndGlobalSection
	GlobalSection(ProjectConfigurationPlatforms) = postSolution
		{5757E443-DD67-4342-9215-739407F85CA8}.Debug|Any CPU.ActiveCfg = Debug|Any CPU
		{5757E443-DD67-4342-9215-739407F85CA8}.Debug|Any CPU.Build.0 = Debug|Any CPU
		{5757E443-DD67-4342-9215-739407F85CA8}.Release|Any CPU.ActiveCfg = Release|Any CPU
		{5757E443-DD67-4342-9215-739407F85CA8}.Release|Any CPU.Build.0 = Release|Any CPU
	EndGlobalSection
	GlobalSection(SolutionProperties) = preSolution
		HideSolutionNode = FALSE
	EndGlobalSection
	GlobalSection(ExtensibilityGlobals) = postSolution
		SolutionGuid = {C2607824-EFFD-4543-B501-DA97C4FC9350}
	EndGlobalSection
EndGlobal
