
Microsoft Visual Studio Solution File, Format Version 12.00
# Visual Studio Version 17
VisualStudioVersion = 17.11.35327.3
MinimumVisualStudioVersion = 10.0.40219.1
Project("{FAE04EC0-301F-11D3-BF4B-00C04F79EFBC}") = "LikeLion_17", "LikeLion_17\LikeLion_17.csproj", "{C271B63A-F17F-4F1F-AB26-AC1D367CF036}"
EndProject
Global
	GlobalSection(SolutionConfigurationPlatforms) = preSolution
		Debug|Any CPU = Debug|Any CPU
		Release|Any CPU = Release|Any CPU
	EndGlobalSection
	GlobalSection(ProjectConfigurationPlatforms) = postSolution
		{C271B63A-F17F-4F1F-AB26-AC1D367CF036}.Debug|Any CPU.ActiveCfg = Debug|Any CPU
		{C271B63A-F17F-4F1F-AB26-AC1D367CF036}.Debug|Any CPU.Build.0 = Debug|Any CPU
		{C271B63A-F17F-4F1F-AB26-AC1D367CF036}.Release|Any CPU.ActiveCfg = Release|Any CPU
		{C271B63A-F17F-4F1F-AB26-AC1D367CF036}.Release|Any CPU.Build.0 = Release|Any CPU
	EndGlobalSection
	GlobalSection(SolutionProperties) = preSolution
		HideSolutionNode = FALSE
	EndGlobalSection
	GlobalSection(ExtensibilityGlobals) = postSolution
		SolutionGuid = {2F3E2185-CA13-4B93-88A4-9CBC48E71790}
	EndGlobalSection
EndGlobal
